
Microsoft Visual Studio Solution File, Format Version 12.00
# Visual Studio 14
VisualStudioVersion = 14.0.25420.1
MinimumVisualStudioVersion = 10.0.40219.1
Project("{FAE04EC0-301F-11D3-BF4B-00C04F79EFBC}") = "PresentationLayer", "PresentationLayer\PresentationLayer.csproj", "{69F96F2B-9304-4E62-8295-D8FED49416C8}"
	ProjectSection(ProjectDependencies) = postProject
		{84D93B00-35B2-4B1E-ADEE-BCA7378264B4} = {84D93B00-35B2-4B1E-ADEE-BCA7378264B4}
	EndProjectSection
EndProject
Project("{FAE04EC0-301F-11D3-BF4B-00C04F79EFBC}") = "DataLayer", "DataLayer\DataLayer.csproj", "{C70EA6C8-E390-4112-864F-5189E1767CCC}"
EndProject
Project("{FAE04EC0-301F-11D3-BF4B-00C04F79EFBC}") = "BusinessLayer", "BusinessLayer\BusinessLayer.csproj", "{DF3818E6-1CFF-4552-90D5-96D1FF4FC1BF}"
EndProject
Project("{FAE04EC0-301F-11D3-BF4B-00C04F79EFBC}") = "TurkeyProvincesServiceLibrary", "TurkeyProvincesServiceLibrary\TurkeyProvincesServiceLibrary.csproj", "{AB85B864-3CE3-4CEC-9739-8EFBA18289A7}"
EndProject
Project("{E24C65DC-7377-472B-9ABA-BC803B73C61A}") = "TurkeyProvincesWCFService", "TurkeyProvincesWCFService\", "{84D93B00-35B2-4B1E-ADEE-BCA7378264B4}"
	ProjectSection(WebsiteProperties) = preProject
		TargetFrameworkMoniker = ".NETFramework,Version%3Dv4.7.2"
		ProjectReferences = "{df3818e6-1cff-4552-90d5-96d1ff4fc1bf}|BusinessLayer.dll;{C70EA6C8-E390-4112-864F-5189E1767CCC}|DataLayer.dll;{ab85b864-3ce3-4cec-9739-8efba18289a7}|TurkeyProvincesServiceLibrary.dll;"
		Debug.AspNetCompiler.VirtualPath = "/localhost_62570"
		Debug.AspNetCompiler.PhysicalPath = "TurkeyProvincesWCFService\"
		Debug.AspNetCompiler.TargetPath = "PrecompiledWeb\localhost_62570\"
		Debug.AspNetCompiler.Updateable = "true"
		Debug.AspNetCompiler.ForceOverwrite = "true"
		Debug.AspNetCompiler.FixedNames = "false"
		Debug.AspNetCompiler.Debug = "True"
		Release.AspNetCompiler.VirtualPath = "/localhost_62570"
		Release.AspNetCompiler.PhysicalPath = "TurkeyProvincesWCFService\"
		Release.AspNetCompiler.TargetPath = "PrecompiledWeb\localhost_62570\"
		Release.AspNetCompiler.Updateable = "true"
		Release.AspNetCompiler.ForceOverwrite = "true"
		Release.AspNetCompiler.FixedNames = "false"
		Release.AspNetCompiler.Debug = "False"
		VWDPort = "62570"
		SlnRelativePath = "TurkeyProvincesWCFService\"
		DefaultWebSiteLanguage = "Visual C#"
	EndProjectSection
EndProject
Global
	GlobalSection(SolutionConfigurationPlatforms) = preSolution
		Debug|Any CPU = Debug|Any CPU
		Release|Any CPU = Release|Any CPU
	EndGlobalSection
	GlobalSection(ProjectConfigurationPlatforms) = postSolution
		{69F96F2B-9304-4E62-8295-D8FED49416C8}.Debug|Any CPU.ActiveCfg = Debug|Any CPU
		{69F96F2B-9304-4E62-8295-D8FED49416C8}.Debug|Any CPU.Build.0 = Debug|Any CPU
		{69F96F2B-9304-4E62-8295-D8FED49416C8}.Release|Any CPU.ActiveCfg = Release|Any CPU
		{69F96F2B-9304-4E62-8295-D8FED49416C8}.Release|Any CPU.Build.0 = Release|Any CPU
		{C70EA6C8-E390-4112-864F-5189E1767CCC}.Debug|Any CPU.ActiveCfg = Debug|Any CPU
		{C70EA6C8-E390-4112-864F-5189E1767CCC}.Debug|Any CPU.Build.0 = Debug|Any CPU
		{C70EA6C8-E390-4112-864F-5189E1767CCC}.Release|Any CPU.ActiveCfg = Release|Any CPU
		{C70EA6C8-E390-4112-864F-5189E1767CCC}.Release|Any CPU.Build.0 = Release|Any CPU
		{DF3818E6-1CFF-4552-90D5-96D1FF4FC1BF}.Debug|Any CPU.ActiveCfg = Debug|Any CPU
		{DF3818E6-1CFF-4552-90D5-96D1FF4FC1BF}.Debug|Any CPU.Build.0 = Debug|Any CPU
		{DF3818E6-1CFF-4552-90D5-96D1FF4FC1BF}.Release|Any CPU.ActiveCfg = Release|Any CPU
		{DF3818E6-1CFF-4552-90D5-96D1FF4FC1BF}.Release|Any CPU.Build.0 = Release|Any CPU
		{AB85B864-3CE3-4CEC-9739-8EFBA18289A7}.Debug|Any CPU.ActiveCfg = Debug|Any CPU
		{AB85B864-3CE3-4CEC-9739-8EFBA18289A7}.Debug|Any CPU.Build.0 = Debug|Any CPU
		{AB85B864-3CE3-4CEC-9739-8EFBA18289A7}.Release|Any CPU.ActiveCfg = Release|Any CPU
		{AB85B864-3CE3-4CEC-9739-8EFBA18289A7}.Release|Any CPU.Build.0 = Release|Any CPU
		{84D93B00-35B2-4B1E-ADEE-BCA7378264B4}.Debug|Any CPU.ActiveCfg = Debug|Any CPU
		{84D93B00-35B2-4B1E-ADEE-BCA7378264B4}.Debug|Any CPU.Build.0 = Debug|Any CPU
		{84D93B00-35B2-4B1E-ADEE-BCA7378264B4}.Release|Any CPU.ActiveCfg = Debug|Any CPU
		{84D93B00-35B2-4B1E-ADEE-BCA7378264B4}.Release|Any CPU.Build.0 = Debug|Any CPU
	EndGlobalSection
	GlobalSection(SolutionProperties) = preSolution
		HideSolutionNode = FALSE
	EndGlobalSection
EndGlobal
